
Microsoft Visual Studio Solution File, Format Version 12.00
# Visual Studio Version 17
VisualStudioVersion = 17.9.34701.34
MinimumVisualStudioVersion = 10.0.40219.1
Project("{9A19103F-16F7-4668-BE54-9A1E7A4F7556}") = "AssistantCore", "AssistantCore\AssistantCore.csproj", "{87E29F4D-C0BD-4C4A-B4ED-EEC176247A5D}"
EndProject
Project("{FAE04EC0-301F-11D3-BF4B-00C04F79EFBC}") = "WindowForms", "TurmiteAutomaton\WindowForms.csproj", "{AD55BD2B-AD6B-4A6C-A504-38B5D4B6C888}"
EndProject
Global
	GlobalSection(SolutionConfigurationPlatforms) = preSolution
		Debug|Any CPU = Debug|Any CPU
		Release|Any CPU = Release|Any CPU
	EndGlobalSection
	GlobalSection(ProjectConfigurationPlatforms) = postSolution
		{87E29F4D-C0BD-4C4A-B4ED-EEC176247A5D}.Debug|Any CPU.ActiveCfg = Debug|Any CPU
		{87E29F4D-C0BD-4C4A-B4ED-EEC176247A5D}.Debug|Any CPU.Build.0 = Debug|Any CPU
		{87E29F4D-C0BD-4C4A-B4ED-EEC176247A5D}.Release|Any CPU.ActiveCfg = Release|Any CPU
		{87E29F4D-C0BD-4C4A-B4ED-EEC176247A5D}.Release|Any CPU.Build.0 = Release|Any CPU
		{AD55BD2B-AD6B-4A6C-A504-38B5D4B6C888}.Debug|Any CPU.ActiveCfg = Debug|Any CPU
		{AD55BD2B-AD6B-4A6C-A504-38B5D4B6C888}.Debug|Any CPU.Build.0 = Debug|Any CPU
		{AD55BD2B-AD6B-4A6C-A504-38B5D4B6C888}.Release|Any CPU.ActiveCfg = Release|Any CPU
		{AD55BD2B-AD6B-4A6C-A504-38B5D4B6C888}.Release|Any CPU.Build.0 = Release|Any CPU
	EndGlobalSection
	GlobalSection(SolutionProperties) = preSolution
		HideSolutionNode = FALSE
	EndGlobalSection
	GlobalSection(ExtensibilityGlobals) = postSolution
		SolutionGuid = {911D96F2-EABB-4783-A70F-2C451D0BE7C7}
	EndGlobalSection
EndGlobal
